
Microsoft Visual Studio Solution File, Format Version 12.00
# Visual Studio Version 17
VisualStudioVersion = 17.14.36603.0 d17.14
MinimumVisualStudioVersion = 10.0.40219.1
Project("{FAE04EC0-301F-11D3-BF4B-00C04F79EFBC}") = "wcfProductos", "wcfProductos\wcfProductos.csproj", "{F43933AF-AA17-4B17-AAB9-E9BDDE70DF9B}"
EndProject
Project("{FAE04EC0-301F-11D3-BF4B-00C04F79EFBC}") = "Proyecto_ENT", "Proyecto_ENT\Proyecto_ENT.csproj", "{284086FA-2E16-4B03-95FD-3E1CC395D38E}"
EndProject
Project("{FAE04EC0-301F-11D3-BF4B-00C04F79EFBC}") = "Proyecto_DAL", "Proyecto_DAL\Proyecto_DAL.csproj", "{C4E3CB4D-02BD-4DF9-81E8-1A8B90137119}"
EndProject
Project("{FAE04EC0-301F-11D3-BF4B-00C04F79EFBC}") = "Proyecto_BLL", "Proyecto_BLL\Proyecto_BLL.csproj", "{FF31BF59-016D-4086-8553-A7719FC4A59E}"
EndProject
Global
	GlobalSection(SolutionConfigurationPlatforms) = preSolution
		Debug|Any CPU = Debug|Any CPU
		Release|Any CPU = Release|Any CPU
	EndGlobalSection
	GlobalSection(ProjectConfigurationPlatforms) = postSolution
		{F43933AF-AA17-4B17-AAB9-E9BDDE70DF9B}.Debug|Any CPU.ActiveCfg = Debug|Any CPU
		{F43933AF-AA17-4B17-AAB9-E9BDDE70DF9B}.Debug|Any CPU.Build.0 = Debug|Any CPU
		{F43933AF-AA17-4B17-AAB9-E9BDDE70DF9B}.Release|Any CPU.ActiveCfg = Release|Any CPU
		{F43933AF-AA17-4B17-AAB9-E9BDDE70DF9B}.Release|Any CPU.Build.0 = Release|Any CPU
		{284086FA-2E16-4B03-95FD-3E1CC395D38E}.Debug|Any CPU.ActiveCfg = Debug|Any CPU
		{284086FA-2E16-4B03-95FD-3E1CC395D38E}.Debug|Any CPU.Build.0 = Debug|Any CPU
		{284086FA-2E16-4B03-95FD-3E1CC395D38E}.Release|Any CPU.ActiveCfg = Release|Any CPU
		{284086FA-2E16-4B03-95FD-3E1CC395D38E}.Release|Any CPU.Build.0 = Release|Any CPU
		{C4E3CB4D-02BD-4DF9-81E8-1A8B90137119}.Debug|Any CPU.ActiveCfg = Debug|Any CPU
		{C4E3CB4D-02BD-4DF9-81E8-1A8B90137119}.Debug|Any CPU.Build.0 = Debug|Any CPU
		{C4E3CB4D-02BD-4DF9-81E8-1A8B90137119}.Release|Any CPU.ActiveCfg = Release|Any CPU
		{C4E3CB4D-02BD-4DF9-81E8-1A8B90137119}.Release|Any CPU.Build.0 = Release|Any CPU
		{FF31BF59-016D-4086-8553-A7719FC4A59E}.Debug|Any CPU.ActiveCfg = Debug|Any CPU
		{FF31BF59-016D-4086-8553-A7719FC4A59E}.Debug|Any CPU.Build.0 = Debug|Any CPU
		{FF31BF59-016D-4086-8553-A7719FC4A59E}.Release|Any CPU.ActiveCfg = Release|Any CPU
		{FF31BF59-016D-4086-8553-A7719FC4A59E}.Release|Any CPU.Build.0 = Release|Any CPU
	EndGlobalSection
	GlobalSection(SolutionProperties) = preSolution
		HideSolutionNode = FALSE
	EndGlobalSection
	GlobalSection(ExtensibilityGlobals) = postSolution
		SolutionGuid = {A9FE1CCE-ED17-414B-AA83-7BA6210A46F6}
	EndGlobalSection
EndGlobal
